
Microsoft Visual Studio Solution File, Format Version 12.00
# Visual Studio Version 17
VisualStudioVersion = 17.9.34723.18
MinimumVisualStudioVersion = 10.0.40219.1
Project("{FAE04EC0-301F-11D3-BF4B-00C04F79EFBC}") = "GestorDeEstudantesT6", "GestorDeEstudantesT6.csproj", "{0BD2AC68-CCB9-4454-A131-B566A3CD12BB}"
EndProject
Global
	GlobalSection(SolutionConfigurationPlatforms) = preSolution
		Debug|Any CPU = Debug|Any CPU
		Release|Any CPU = Release|Any CPU
	EndGlobalSection
	GlobalSection(ProjectConfigurationPlatforms) = postSolution
		{0BD2AC68-CCB9-4454-A131-B566A3CD12BB}.Debug|Any CPU.ActiveCfg = Debug|Any CPU
		{0BD2AC68-CCB9-4454-A131-B566A3CD12BB}.Debug|Any CPU.Build.0 = Debug|Any CPU
		{0BD2AC68-CCB9-4454-A131-B566A3CD12BB}.Release|Any CPU.ActiveCfg = Release|Any CPU
		{0BD2AC68-CCB9-4454-A131-B566A3CD12BB}.Release|Any CPU.Build.0 = Release|Any CPU
	EndGlobalSection
	GlobalSection(SolutionProperties) = preSolution
		HideSolutionNode = FALSE
	EndGlobalSection
	GlobalSection(ExtensibilityGlobals) = postSolution
		SolutionGuid = {CDAA169C-483F-468C-8346-6ABAFAE53F5D}
	EndGlobalSection
EndGlobal
